Microsoft Visual Studio Solution File, Format Version 12.00
# Visual Studio Version 17
Project("{8BC9CEB8-8B4A-11D0-8D11-00A0C91BC942}") = "dxfrw", "E:/GitHub/LibreCAD/libraries/libdxfrw\dxfrw.vcxproj", "{75528EAA-995C-3C23-9E83-74D6403148B1}"
EndProject
Project("{8BC9CEB8-8B4A-11D0-8D11-00A0C91BC942}") = "jwwlib", "E:/GitHub/LibreCAD/libraries/jwwlib\jwwlib.vcxproj", "{7A959971-72B5-3D6F-976B-3CA4E9F7AAE3}"
EndProject
Project("{8BC9CEB8-8B4A-11D0-8D11-00A0C91BC942}") = "muparser", "E:/GitHub/LibreCAD/libraries/muparser\muparser.vcxproj", "{8F6D24A2-96DB-34FB-982A-1ED582D5178A}"
EndProject
Project("{8BC9CEB8-8B4A-11D0-8D11-00A0C91BC942}") = "LibreCAD", "E:/GitHub/LibreCAD/librecad/src\LibreCAD.vcxproj", "{4CAB1D2F-984C-3331-895C-2F18C45CE4B5}"
	ProjectSection(ProjectDependencies) = postProject
		{8F6D24A2-96DB-34FB-982A-1ED582D5178A} = {8F6D24A2-96DB-34FB-982A-1ED582D5178A}
		{75528EAA-995C-3C23-9E83-74D6403148B1} = {75528EAA-995C-3C23-9E83-74D6403148B1}
		{7A959971-72B5-3D6F-976B-3CA4E9F7AAE3} = {7A959971-72B5-3D6F-976B-3CA4E9F7AAE3}
	EndProjectSection
EndProject
Project("{8BC9CEB8-8B4A-11D0-8D11-00A0C91BC942}") = "asciifile", "E:/GitHub/LibreCAD/plugins/asciifile\asciifile.vcxproj", "{BE11AC46-EB98-3C1D-88F2-28C88A3CC006}"
EndProject
Project("{8BC9CEB8-8B4A-11D0-8D11-00A0C91BC942}") = "align", "E:/GitHub/LibreCAD/plugins/align\align.vcxproj", "{854CC069-91D0-3637-8B57-4E73247FADAA}"
EndProject
Project("{8BC9CEB8-8B4A-11D0-8D11-00A0C91BC942}") = "divide", "E:/GitHub/LibreCAD/plugins/divide\divide.vcxproj", "{9CD8B62C-D33C-3F63-8DF5-C5F2DEA18DC5}"
EndProject
Project("{8BC9CEB8-8B4A-11D0-8D11-00A0C91BC942}") = "list", "E:/GitHub/LibreCAD/plugins/list\list.vcxproj", "{1AEFE7C5-0F50-371C-A4BA-23A18EEE857D}"
EndProject
Project("{8BC9CEB8-8B4A-11D0-8D11-00A0C91BC942}") = "sameprop", "E:/GitHub/LibreCAD/plugins/sameprop\sameprop.vcxproj", "{E0EF7C32-80AE-3AB1-9B76-8ABA258714BB}"
EndProject
Project("{8BC9CEB8-8B4A-11D0-8D11-00A0C91BC942}") = "sample", "E:/GitHub/LibreCAD/plugins/sample\sample.vcxproj", "{881FB386-C2F5-31E9-BE91-9B8B1DDF3CFF}"
EndProject
Project("{8BC9CEB8-8B4A-11D0-8D11-00A0C91BC942}") = "picfile", "E:/GitHub/LibreCAD/plugins/picfile\picfile.vcxproj", "{FE46218A-F71F-353C-A4ED-8BDFC4C533C5}"
EndProject
Project("{8BC9CEB8-8B4A-11D0-8D11-00A0C91BC942}") = "plotequation", "E:/GitHub/LibreCAD/plugins/plotequation\plotequation.vcxproj", "{20CEBDBC-1756-321B-B061-AE790A7E85A8}"
	ProjectSection(ProjectDependencies) = postProject
		{8F6D24A2-96DB-34FB-982A-1ED582D5178A} = {8F6D24A2-96DB-34FB-982A-1ED582D5178A}
	EndProjectSection
EndProject
Project("{8BC9CEB8-8B4A-11D0-8D11-00A0C91BC942}") = "pointstocsv", "E:/GitHub/LibreCAD/plugins/pointstocsv\pointstocsv.vcxproj", "{4F3CC888-117B-3D09-8979-EDFE205A1EC7}"
EndProject
Project("{8BC9CEB8-8B4A-11D0-8D11-00A0C91BC942}") = "gear", "E:/GitHub/LibreCAD/plugins/gear\gear.vcxproj", "{FB83C1C2-E932-3541-A756-6E3D8D094F3D}"
EndProject
Global
	GlobalSection(SolutionConfigurationPlatforms) = preSolution
		Debug|x64 = Debug|x64
		Release|x64 = Release|x64
	EndGlobalSection
	GlobalSection(ProjectConfigurationPlatforms) = postSolution
		{75528EAA-995C-3C23-9E83-74D6403148B1}.Debug|x64.ActiveCfg = Debug|x64
		{75528EAA-995C-3C23-9E83-74D6403148B1}.Debug|x64.Build.0 = Debug|x64
		{75528EAA-995C-3C23-9E83-74D6403148B1}.Release|x64.ActiveCfg = Release|x64
		{75528EAA-995C-3C23-9E83-74D6403148B1}.Release|x64.Build.0 = Release|x64
		{7A959971-72B5-3D6F-976B-3CA4E9F7AAE3}.Debug|x64.ActiveCfg = Debug|x64
		{7A959971-72B5-3D6F-976B-3CA4E9F7AAE3}.Debug|x64.Build.0 = Debug|x64
		{7A959971-72B5-3D6F-976B-3CA4E9F7AAE3}.Release|x64.ActiveCfg = Release|x64
		{7A959971-72B5-3D6F-976B-3CA4E9F7AAE3}.Release|x64.Build.0 = Release|x64
		{8F6D24A2-96DB-34FB-982A-1ED582D5178A}.Debug|x64.ActiveCfg = Debug|x64
		{8F6D24A2-96DB-34FB-982A-1ED582D5178A}.Debug|x64.Build.0 = Debug|x64
		{8F6D24A2-96DB-34FB-982A-1ED582D5178A}.Release|x64.ActiveCfg = Release|x64
		{8F6D24A2-96DB-34FB-982A-1ED582D5178A}.Release|x64.Build.0 = Release|x64
		{4CAB1D2F-984C-3331-895C-2F18C45CE4B5}.Debug|x64.ActiveCfg = Debug|x64
		{4CAB1D2F-984C-3331-895C-2F18C45CE4B5}.Debug|x64.Build.0 = Debug|x64
		{4CAB1D2F-984C-3331-895C-2F18C45CE4B5}.Release|x64.ActiveCfg = Release|x64
		{4CAB1D2F-984C-3331-895C-2F18C45CE4B5}.Release|x64.Build.0 = Release|x64
		{BE11AC46-EB98-3C1D-88F2-28C88A3CC006}.Debug|x64.ActiveCfg = Debug|x64
		{BE11AC46-EB98-3C1D-88F2-28C88A3CC006}.Debug|x64.Build.0 = Debug|x64
		{BE11AC46-EB98-3C1D-88F2-28C88A3CC006}.Release|x64.ActiveCfg = Release|x64
		{BE11AC46-EB98-3C1D-88F2-28C88A3CC006}.Release|x64.Build.0 = Release|x64
		{854CC069-91D0-3637-8B57-4E73247FADAA}.Debug|x64.ActiveCfg = Debug|x64
		{854CC069-91D0-3637-8B57-4E73247FADAA}.Debug|x64.Build.0 = Debug|x64
		{854CC069-91D0-3637-8B57-4E73247FADAA}.Release|x64.ActiveCfg = Release|x64
		{854CC069-91D0-3637-8B57-4E73247FADAA}.Release|x64.Build.0 = Release|x64
		{9CD8B62C-D33C-3F63-8DF5-C5F2DEA18DC5}.Debug|x64.ActiveCfg = Debug|x64
		{9CD8B62C-D33C-3F63-8DF5-C5F2DEA18DC5}.Debug|x64.Build.0 = Debug|x64
		{9CD8B62C-D33C-3F63-8DF5-C5F2DEA18DC5}.Release|x64.ActiveCfg = Release|x64
		{9CD8B62C-D33C-3F63-8DF5-C5F2DEA18DC5}.Release|x64.Build.0 = Release|x64
		{1AEFE7C5-0F50-371C-A4BA-23A18EEE857D}.Debug|x64.ActiveCfg = Debug|x64
		{1AEFE7C5-0F50-371C-A4BA-23A18EEE857D}.Debug|x64.Build.0 = Debug|x64
		{1AEFE7C5-0F50-371C-A4BA-23A18EEE857D}.Release|x64.ActiveCfg = Release|x64
		{1AEFE7C5-0F50-371C-A4BA-23A18EEE857D}.Release|x64.Build.0 = Release|x64
		{E0EF7C32-80AE-3AB1-9B76-8ABA258714BB}.Debug|x64.ActiveCfg = Debug|x64
		{E0EF7C32-80AE-3AB1-9B76-8ABA258714BB}.Debug|x64.Build.0 = Debug|x64
		{E0EF7C32-80AE-3AB1-9B76-8ABA258714BB}.Release|x64.ActiveCfg = Release|x64
		{E0EF7C32-80AE-3AB1-9B76-8ABA258714BB}.Release|x64.Build.0 = Release|x64
		{881FB386-C2F5-31E9-BE91-9B8B1DDF3CFF}.Debug|x64.ActiveCfg = Debug|x64
		{881FB386-C2F5-31E9-BE91-9B8B1DDF3CFF}.Debug|x64.Build.0 = Debug|x64
		{881FB386-C2F5-31E9-BE91-9B8B1DDF3CFF}.Release|x64.ActiveCfg = Release|x64
		{881FB386-C2F5-31E9-BE91-9B8B1DDF3CFF}.Release|x64.Build.0 = Release|x64
		{FE46218A-F71F-353C-A4ED-8BDFC4C533C5}.Debug|x64.ActiveCfg = Debug|x64
		{FE46218A-F71F-353C-A4ED-8BDFC4C533C5}.Debug|x64.Build.0 = Debug|x64
		{FE46218A-F71F-353C-A4ED-8BDFC4C533C5}.Release|x64.ActiveCfg = Release|x64
		{FE46218A-F71F-353C-A4ED-8BDFC4C533C5}.Release|x64.Build.0 = Release|x64
		{20CEBDBC-1756-321B-B061-AE790A7E85A8}.Debug|x64.ActiveCfg = Debug|x64
		{20CEBDBC-1756-321B-B061-AE790A7E85A8}.Debug|x64.Build.0 = Debug|x64
		{20CEBDBC-1756-321B-B061-AE790A7E85A8}.Release|x64.ActiveCfg = Release|x64
		{20CEBDBC-1756-321B-B061-AE790A7E85A8}.Release|x64.Build.0 = Release|x64
		{4F3CC888-117B-3D09-8979-EDFE205A1EC7}.Debug|x64.ActiveCfg = Debug|x64
		{4F3CC888-117B-3D09-8979-EDFE205A1EC7}.Debug|x64.Build.0 = Debug|x64
		{4F3CC888-117B-3D09-8979-EDFE205A1EC7}.Release|x64.ActiveCfg = Release|x64
		{4F3CC888-117B-3D09-8979-EDFE205A1EC7}.Release|x64.Build.0 = Release|x64
		{FB83C1C2-E932-3541-A756-6E3D8D094F3D}.Debug|x64.ActiveCfg = Debug|x64
		{FB83C1C2-E932-3541-A756-6E3D8D094F3D}.Debug|x64.Build.0 = Debug|x64
		{FB83C1C2-E932-3541-A756-6E3D8D094F3D}.Release|x64.ActiveCfg = Release|x64
		{FB83C1C2-E932-3541-A756-6E3D8D094F3D}.Release|x64.Build.0 = Release|x64
	EndGlobalSection
	GlobalSection(ExtensibilityGlobals) = postSolution
	EndGlobalSection
	GlobalSection(ExtensibilityAddIns) = postSolution
	EndGlobalSection
EndGlobal